// !$*UTF8*$!
{
	archiveVersion = 1;
	classes = {
	};
	objectVersion = 60;
	objects = {

/* Begin PBXBuildFile section */
		2E3EFF102C38540700CE8976 /* MoviesResponse.swift in Sources */ = {isa = PBXBuildFile; fileRef = 2E3EFF0F2C38540700CE8976 /* MoviesResponse.swift */; };
		2E3EFF132C38542E00CE8976 /* WatchableListResponse.swift in Sources */ = {isa = PBXBuildFile; fileRef = 2E3EFF122C38542E00CE8976 /* WatchableListResponse.swift */; };
		2E3EFF152C38549800CE8976 /* TVShowsResponse.swift in Sources */ = {isa = PBXBuildFile; fileRef = 2E3EFF142C38549800CE8976 /* TVShowsResponse.swift */; };
		2E3EFF282C38EFCC00CE8976 /* FavoriteWrapper.swift in Sources */ = {isa = PBXBuildFile; fileRef = 2E3EFF272C38EFCC00CE8976 /* FavoriteWrapper.swift */; };
		2E70378A2C37328000FC8DA6 /* MovieKit.h in Headers */ = {isa = PBXBuildFile; fileRef = 2E7037892C37328000FC8DA6 /* MovieKit.h */; settings = {ATTRIBUTES = (Public, ); }; };
		2E7037922C3732B200FC8DA6 /* RecommendationService.swift in Sources */ = {isa = PBXBuildFile; fileRef = 2E7037912C3732B200FC8DA6 /* RecommendationService.swift */; };
		2E70379B2C37999F00FC8DA6 /* Watchable.swift in Sources */ = {isa = PBXBuildFile; fileRef = 2E70379A2C37999C00FC8DA6 /* Watchable.swift */; };
		2E70379D2C379A8500FC8DA6 /* Movie.swift in Sources */ = {isa = PBXBuildFile; fileRef = 2E70379C2C379A8300FC8DA6 /* Movie.swift */; };
		2E70379F2C379C6200FC8DA6 /* TVShow.swift in Sources */ = {isa = PBXBuildFile; fileRef = 2E70379E2C379C5F00FC8DA6 /* TVShow.swift */; };
/* End PBXBuildFile section */

/* Begin PBXFileReference section */
		2E3EFF0F2C38540700CE8976 /* MoviesResponse.swift */ = {isa = PBXFileReference; lastKnownFileType = sourcecode.swift; path = MoviesResponse.swift; sourceTree = "<group>"; };
		2E3EFF122C38542E00CE8976 /* WatchableListResponse.swift */ = {isa = PBXFileReference; lastKnownFileType = sourcecode.swift; path = WatchableListResponse.swift; sourceTree = "<group>"; };
		2E3EFF142C38549800CE8976 /* TVShowsResponse.swift */ = {isa = PBXFileReference; lastKnownFileType = sourcecode.swift; path = TVShowsResponse.swift; sourceTree = "<group>"; };
		2E3EFF272C38EFCC00CE8976 /* FavoriteWrapper.swift */ = {isa = PBXFileReference; lastKnownFileType = sourcecode.swift; path = FavoriteWrapper.swift; sourceTree = "<group>"; };
		2E7037862C37328000FC8DA6 /* MovieKit.framework */ = {isa = PBXFileReference; explicitFileType = wrapper.framework; includeInIndex = 0; path = MovieKit.framework; sourceTree = BUILT_PRODUCTS_DIR; };
		2E7037892C37328000FC8DA6 /* MovieKit.h */ = {isa = PBXFileReference; lastKnownFileType = sourcecode.c.h; path = MovieKit.h; sourceTree = "<group>"; };
		2E7037912C3732B200FC8DA6 /* RecommendationService.swift */ = {isa = PBXFileReference; lastKnownFileType = sourcecode.swift; path = RecommendationService.swift; sourceTree = "<group>"; };
		2E70379A2C37999C00FC8DA6 /* Watchable.swift */ = {isa = PBXFileReference; lastKnownFileType = sourcecode.swift; path = Watchable.swift; sourceTree = "<group>"; };
		2E70379C2C379A8300FC8DA6 /* Movie.swift */ = {isa = PBXFileReference; lastKnownFileType = sourcecode.swift; path = Movie.swift; sourceTree = "<group>"; };
		2E70379E2C379C5F00FC8DA6 /* TVShow.swift */ = {isa = PBXFileReference; lastKnownFileType = sourcecode.swift; path = TVShow.swift; sourceTree = "<group>"; };
/* End PBXFileReference section */

/* Begin PBXFrameworksBuildPhase section */
		2E7037832C37328000FC8DA6 /* Frameworks */ = {
			isa = PBXFrameworksBuildPhase;
			buildActionMask = 2147483647;
			files = (
			);
			runOnlyForDeploymentPostprocessing = 0;
		};
/* End PBXFrameworksBuildPhase section */

/* Begin PBXGroup section */
		2E3EFF112C38541900CE8976 /* Protocols */ = {
			isa = PBXGroup;
			children = (
				2E70379A2C37999C00FC8DA6 /* Watchable.swift */,
				2E3EFF122C38542E00CE8976 /* WatchableListResponse.swift */,
			);
			path = Protocols;
			sourceTree = "<group>";
		};
		2E70377C2C37328000FC8DA6 = {
			isa = PBXGroup;
			children = (
				2E7037882C37328000FC8DA6 /* MovieKit */,
				2E7037872C37328000FC8DA6 /* Products */,
			);
			sourceTree = "<group>";
		};
		2E7037872C37328000FC8DA6 /* Products */ = {
			isa = PBXGroup;
			children = (
				2E7037862C37328000FC8DA6 /* MovieKit.framework */,
			);
			name = Products;
			sourceTree = "<group>";
		};
		2E7037882C37328000FC8DA6 /* MovieKit */ = {
			isa = PBXGroup;
			children = (
				2E7037962C37992000FC8DA6 /* Models */,
				2E7037902C37329B00FC8DA6 /* Services */,
				2E7037892C37328000FC8DA6 /* MovieKit.h */,
			);
			path = MovieKit;
			sourceTree = "<group>";
		};
		2E7037902C37329B00FC8DA6 /* Services */ = {
			isa = PBXGroup;
			children = (
				2E7037912C3732B200FC8DA6 /* RecommendationService.swift */,
			);
			path = Services;
			sourceTree = "<group>";
		};
		2E7037962C37992000FC8DA6 /* Models */ = {
			isa = PBXGroup;
			children = (
				2E3EFF112C38541900CE8976 /* Protocols */,
				2E70379E2C379C5F00FC8DA6 /* TVShow.swift */,
				2E70379C2C379A8300FC8DA6 /* Movie.swift */,
				2E3EFF0F2C38540700CE8976 /* MoviesResponse.swift */,
				2E3EFF142C38549800CE8976 /* TVShowsResponse.swift */,
				2E3EFF272C38EFCC00CE8976 /* FavoriteWrapper.swift */,
			);
			path = Models;
			sourceTree = "<group>";
		};
/* End PBXGroup section */

/* Begin PBXHeadersBuildPhase section */
		2E7037812C37328000FC8DA6 /* Headers */ = {
			isa = PBXHeadersBuildPhase;
			buildActionMask = 2147483647;
			files = (
				2E70378A2C37328000FC8DA6 /* MovieKit.h in Headers */,
			);
			runOnlyForDeploymentPostprocessing = 0;
		};
/* End PBXHeadersBuildPhase section */

/* Begin PBXNativeTarget section */
		2E7037852C37328000FC8DA6 /* MovieKit */ = {
			isa = PBXNativeTarget;
			buildConfigurationList = 2E70378D2C37328000FC8DA6 /* Build configuration list for PBXNativeTarget "MovieKit" */;
			buildPhases = (
				2E7037812C37328000FC8DA6 /* Headers */,
				2E7037822C37328000FC8DA6 /* Sources */,
				2E7037832C37328000FC8DA6 /* Frameworks */,
				2E7037842C37328000FC8DA6 /* Resources */,
			);
			buildRules = (
			);
			dependencies = (
			);
			name = MovieKit;
			packageProductDependencies = (
			);
			productName = MovieKit;
			productReference = 2E7037862C37328000FC8DA6 /* MovieKit.framework */;
			productType = "com.apple.product-type.framework";
		};
/* End PBXNativeTarget section */

/* Begin PBXProject section */
		2E70377D2C37328000FC8DA6 /* Project object */ = {
			isa = PBXProject;
			attributes = {
				BuildIndependentTargetsInParallel = 1;
				LastUpgradeCheck = 1600;
				TargetAttributes = {
					2E7037852C37328000FC8DA6 = {
						CreatedOnToolsVersion = 16.0;
						LastSwiftMigration = 1600;
					};
				};
			};
			buildConfigurationList = 2E7037802C37328000FC8DA6 /* Build configuration list for PBXProject "MovieKit" */;
			compatibilityVersion = "Xcode 15.0";
			developmentRegion = en;
			hasScannedForEncodings = 0;
			knownRegions = (
				en,
				Base,
			);
			mainGroup = 2E70377C2C37328000FC8DA6;
			packageReferences = (
			);
			productRefGroup = 2E7037872C37328000FC8DA6 /* Products */;
			projectDirPath = "";
			projectRoot = "";
			targets = (
				2E7037852C37328000FC8DA6 /* MovieKit */,
			);
		};
/* End PBXProject section */

/* Begin PBXResourcesBuildPhase section */
		2E7037842C37328000FC8DA6 /* Resources */ = {
			isa = PBXResourcesBuildPhase;
			buildActionMask = 2147483647;
			files = (
			);
			runOnlyForDeploymentPostprocessing = 0;
		};
/* End PBXResourcesBuildPhase section */

/* Begin PBXSourcesBuildPhase section */
		2E7037822C37328000FC8DA6 /* Sources */ = {
			isa = PBXSourcesBuildPhase;
			buildActionMask = 2147483647;
			files = (
				2E7037922C3732B200FC8DA6 /* RecommendationService.swift in Sources */,
				2E3EFF282C38EFCC00CE8976 /* FavoriteWrapper.swift in Sources */,
				2E70379B2C37999F00FC8DA6 /* Watchable.swift in Sources */,
				2E3EFF132C38542E00CE8976 /* WatchableListResponse.swift in Sources */,
				2E3EFF102C38540700CE8976 /* MoviesResponse.swift in Sources */,
				2E70379F2C379C6200FC8DA6 /* TVShow.swift in Sources */,
				2E3EFF152C38549800CE8976 /* TVShowsResponse.swift in Sources */,
				2E70379D2C379A8500FC8DA6 /* Movie.swift in Sources */,
			);
			runOnlyForDeploymentPostprocessing = 0;
		};
/* End PBXSourcesBuildPhase section */

/* Begin XCBuildConfiguration section */
		2E70378B2C37328000FC8DA6 /* Debug */ = {
			isa = XCBuildConfiguration;
			buildSettings = {
				ALWAYS_SEARCH_USER_PATHS = NO;
				ASSETCATALOG_COMPILER_GENERATE_SWIFT_ASSET_SYMBOL_EXTENSIONS = YES;
				CLANG_ANALYZER_NONNULL = YES;
				CLANG_ANALYZER_NUMBER_OBJECT_CONVERSION = YES_AGGRESSIVE;
				CLANG_CXX_LANGUAGE_STANDARD = "gnu++20";
				CLANG_ENABLE_MODULES = YES;
				CLANG_ENABLE_OBJC_ARC = YES;
				CLANG_ENABLE_OBJC_WEAK = YES;
				CLANG_WARN_BLOCK_CAPTURE_AUTORELEASING = YES;
				CLANG_WARN_BOOL_CONVERSION = YES;
				CLANG_WARN_COMMA = YES;
				CLANG_WARN_CONSTANT_CONVERSION = YES;
				CLANG_WARN_DEPRECATED_OBJC_IMPLEMENTATIONS = YES;
				CLANG_WARN_DIRECT_OBJC_ISA_USAGE = YES_ERROR;
				CLANG_WARN_DOCUMENTATION_COMMENTS = YES;
				CLANG_WARN_EMPTY_BODY = YES;
				CLANG_WARN_ENUM_CONVERSION = YES;
				CLANG_WARN_INFINITE_RECURSION = YES;
				CLANG_WARN_INT_CONVERSION = YES;
				CLANG_WARN_NON_LITERAL_NULL_CONVERSION = YES;
				CLANG_WARN_OBJC_IMPLICIT_RETAIN_SELF = YES;
				CLANG_WARN_OBJC_LITERAL_CONVERSION = YES;
				CLANG_WARN_OBJC_ROOT_CLASS = YES_ERROR;
				CLANG_WARN_QUOTED_INCLUDE_IN_FRAMEWORK_HEADER = YES;
				CLANG_WARN_RANGE_LOOP_ANALYSIS = YES;
				CLANG_WARN_STRICT_PROTOTYPES = YES;
				CLANG_WARN_SUSPICIOUS_MOVE = YES;
				CLANG_WARN_UNGUARDED_AVAILABILITY = YES_AGGRESSIVE;
				CLANG_WARN_UNREACHABLE_CODE = YES;
				CLANG_WARN__DUPLICATE_METHOD_MATCH = YES;
				COPY_PHASE_STRIP = NO;
				CURRENT_PROJECT_VERSION = 1;
				DEBUG_INFORMATION_FORMAT = dwarf;
				ENABLE_STRICT_OBJC_MSGSEND = YES;
				ENABLE_TESTABILITY = YES;
				ENABLE_USER_SCRIPT_SANDBOXING = YES;
				GCC_C_LANGUAGE_STANDARD = gnu17;
				GCC_DYNAMIC_NO_PIC = NO;
				GCC_NO_COMMON_BLOCKS = YES;
				GCC_OPTIMIZATION_LEVEL = 0;
				GCC_PREPROCESSOR_DEFINITIONS = (
					"DEBUG=1",
					"$(inherited)",
				);
				GCC_WARN_64_TO_32_BIT_CONVERSION = YES;
				GCC_WARN_ABOUT_RETURN_TYPE = YES_ERROR;
				GCC_WARN_UNDECLARED_SELECTOR = YES;
				GCC_WARN_UNINITIALIZED_AUTOS = YES_AGGRESSIVE;
				GCC_WARN_UNUSED_FUNCTION = YES;
				GCC_WARN_UNUSED_VARIABLE = YES;
				LOCALIZATION_PREFERS_STRING_CATALOGS = YES;
				MTL_ENABLE_DEBUG_INFO = INCLUDE_SOURCE;
				MTL_FAST_MATH = YES;
				ONLY_ACTIVE_ARCH = YES;
				SWIFT_ACTIVE_COMPILATION_CONDITIONS = "DEBUG $(inherited)";
				SWIFT_OPTIMIZATION_LEVEL = "-Onone";
				VERSIONING_SYSTEM = "apple-generic";
				VERSION_INFO_PREFIX = "";
			};
			name = Debug;
		};
		2E70378C2C37328000FC8DA6 /* Release */ = {
			isa = XCBuildConfiguration;
			buildSettings = {
				ALWAYS_SEARCH_USER_PATHS = NO;
				ASSETCATALOG_COMPILER_GENERATE_SWIFT_ASSET_SYMBOL_EXTENSIONS = YES;
				CLANG_ANALYZER_NONNULL = YES;
				CLANG_ANALYZER_NUMBER_OBJECT_CONVERSION = YES_AGGRESSIVE;
				CLANG_CXX_LANGUAGE_STANDARD = "gnu++20";
				CLANG_ENABLE_MODULES = YES;
				CLANG_ENABLE_OBJC_ARC = YES;
				CLANG_ENABLE_OBJC_WEAK = YES;
				CLANG_WARN_BLOCK_CAPTURE_AUTORELEASING = YES;
				CLANG_WARN_BOOL_CONVERSION = YES;
				CLANG_WARN_COMMA = YES;
				CLANG_WARN_CONSTANT_CONVERSION = YES;
				CLANG_WARN_DEPRECATED_OBJC_IMPLEMENTATIONS = YES;
				CLANG_WARN_DIRECT_OBJC_ISA_USAGE = YES_ERROR;
				CLANG_WARN_DOCUMENTATION_COMMENTS = YES;
				CLANG_WARN_EMPTY_BODY = YES;
				CLANG_WARN_ENUM_CONVERSION = YES;
				CLANG_WARN_INFINITE_RECURSION = YES;
				CLANG_WARN_INT_CONVERSION = YES;
				CLANG_WARN_NON_LITERAL_NULL_CONVERSION = YES;
				CLANG_WARN_OBJC_IMPLICIT_RETAIN_SELF = YES;
				CLANG_WARN_OBJC_LITERAL_CONVERSION = YES;
				CLANG_WARN_OBJC_ROOT_CLASS = YES_ERROR;
				CLANG_WARN_QUOTED_INCLUDE_IN_FRAMEWORK_HEADER = YES;
				CLANG_WARN_RANGE_LOOP_ANALYSIS = YES;
				CLANG_WARN_STRICT_PROTOTYPES = YES;
				CLANG_WARN_SUSPICIOUS_MOVE = YES;
				CLANG_WARN_UNGUARDED_AVAILABILITY = YES_AGGRESSIVE;
				CLANG_WARN_UNREACHABLE_CODE = YES;
				CLANG_WARN__DUPLICATE_METHOD_MATCH = YES;
				COPY_PHASE_STRIP = NO;
				CURRENT_PROJECT_VERSION = 1;
				DEBUG_INFORMATION_FORMAT = "dwarf-with-dsym";
				ENABLE_NS_ASSERTIONS = NO;
				ENABLE_STRICT_OBJC_MSGSEND = YES;
				ENABLE_USER_SCRIPT_SANDBOXING = YES;
				GCC_C_LANGUAGE_STANDARD = gnu17;
				GCC_NO_COMMON_BLOCKS = YES;
				GCC_WARN_64_TO_32_BIT_CONVERSION = YES;
				GCC_WARN_ABOUT_RETURN_TYPE = YES_ERROR;
				GCC_WARN_UNDECLARED_SELECTOR = YES;
				GCC_WARN_UNINITIALIZED_AUTOS = YES_AGGRESSIVE;
				GCC_WARN_UNUSED_FUNCTION = YES;
				GCC_WARN_UNUSED_VARIABLE = YES;
				LOCALIZATION_PREFERS_STRING_CATALOGS = YES;
				MTL_ENABLE_DEBUG_INFO = NO;
				MTL_FAST_MATH = YES;
				SWIFT_COMPILATION_MODE = wholemodule;
				VERSIONING_SYSTEM = "apple-generic";
				VERSION_INFO_PREFIX = "";
			};
			name = Release;
		};
		2E70378E2C37328000FC8DA6 /* Debug */ = {
			isa = XCBuildConfiguration;
			buildSettings = {
				ALLOW_TARGET_PLATFORM_SPECIALIZATION = YES;
				BUILD_LIBRARY_FOR_DISTRIBUTION = YES;
				CLANG_ENABLE_MODULES = YES;
				CODE_SIGN_STYLE = Automatic;
				CURRENT_PROJECT_VERSION = 1;
				DEFINES_MODULE = YES;
				DEVELOPMENT_TEAM = 3S8XC6A264;
				DYLIB_COMPATIBILITY_VERSION = 1;
				DYLIB_CURRENT_VERSION = 1;
				DYLIB_INSTALL_NAME_BASE = "@rpath";
				ENABLE_MODULE_VERIFIER = YES;
				GENERATE_INFOPLIST_FILE = YES;
				INFOPLIST_KEY_NSHumanReadableCopyright = "";
				INSTALL_PATH = "$(LOCAL_LIBRARY_DIR)/Frameworks";
				IPHONEOS_DEPLOYMENT_TARGET = 18.0;
				LD_RUNPATH_SEARCH_PATHS = (
					"@executable_path/Frameworks",
					"@loader_path/Frameworks",
				);
				"LD_RUNPATH_SEARCH_PATHS[sdk=macosx*]" = (
					"@executable_path/../Frameworks",
					"@loader_path/Frameworks",
				);
				MACOSX_DEPLOYMENT_TARGET = 15.0;
				MARKETING_VERSION = 1.0;
				MODULE_VERIFIER_SUPPORTED_LANGUAGES = "objective-c objective-c++";
				MODULE_VERIFIER_SUPPORTED_LANGUAGE_STANDARDS = "gnu17 gnu++20";
				PRODUCT_BUNDLE_IDENTIFIER = com.Cameron.Slash.MovieKit;
				PRODUCT_NAME = "$(TARGET_NAME:c99extidentifier)";
				SDKROOT = auto;
				SKIP_INSTALL = YES;
				SUPPORTED_PLATFORMS = "iphoneos iphonesimulator macosx";
				SUPPORTS_MACCATALYST = NO;
				SWIFT_EMIT_LOC_STRINGS = YES;
				SWIFT_INSTALL_OBJC_HEADER = NO;
				SWIFT_OPTIMIZATION_LEVEL = "-Onone";
				SWIFT_VERSION = 5.0;
				TARGETED_DEVICE_FAMILY = "1,2";
				XROS_DEPLOYMENT_TARGET = 2.0;
			};
			name = Debug;
		};
		2E70378F2C37328000FC8DA6 /* Release */ = {
			isa = XCBuildConfiguration;
			buildSettings = {
				ALLOW_TARGET_PLATFORM_SPECIALIZATION = YES;
				BUILD_LIBRARY_FOR_DISTRIBUTION = YES;
				CLANG_ENABLE_MODULES = YES;
				CODE_SIGN_STYLE = Automatic;
				CURRENT_PROJECT_VERSION = 1;
				DEFINES_MODULE = YES;
				DEVELOPMENT_TEAM = 3S8XC6A264;
				DYLIB_COMPATIBILITY_VERSION = 1;
				DYLIB_CURRENT_VERSION = 1;
				DYLIB_INSTALL_NAME_BASE = "@rpath";
				ENABLE_MODULE_VERIFIER = YES;
				GENERATE_INFOPLIST_FILE = YES;
				INFOPLIST_KEY_NSHumanReadableCopyright = "";
				INSTALL_PATH = "$(LOCAL_LIBRARY_DIR)/Frameworks";
				IPHONEOS_DEPLOYMENT_TARGET = 18.0;
				LD_RUNPATH_SEARCH_PATHS = (
					"@executable_path/Frameworks",
					"@loader_path/Frameworks",
				);
				"LD_RUNPATH_SEARCH_PATHS[sdk=macosx*]" = (
					"@executable_path/../Frameworks",
					"@loader_path/Frameworks",
				);
				MACOSX_DEPLOYMENT_TARGET = 15.0;
				MARKETING_VERSION = 1.0;
				MODULE_VERIFIER_SUPPORTED_LANGUAGES = "objective-c objective-c++";
				MODULE_VERIFIER_SUPPORTED_LANGUAGE_STANDARDS = "gnu17 gnu++20";
				PRODUCT_BUNDLE_IDENTIFIER = com.Cameron.Slash.MovieKit;
				PRODUCT_NAME = "$(TARGET_NAME:c99extidentifier)";
				SDKROOT = auto;
				SKIP_INSTALL = YES;
				SUPPORTED_PLATFORMS = "iphoneos iphonesimulator macosx";
				SUPPORTS_MACCATALYST = NO;
				SWIFT_EMIT_LOC_STRINGS = YES;
				SWIFT_INSTALL_OBJC_HEADER = NO;
				SWIFT_VERSION = 5.0;
				TARGETED_DEVICE_FAMILY = "1,2";
				XROS_DEPLOYMENT_TARGET = 2.0;
			};
			name = Release;
		};
/* End XCBuildConfiguration section */

/* Begin XCConfigurationList section */
		2E7037802C37328000FC8DA6 /* Build configuration list for PBXProject "MovieKit" */ = {
			isa = XCConfigurationList;
			buildConfigurations = (
				2E70378B2C37328000FC8DA6 /* Debug */,
				2E70378C2C37328000FC8DA6 /* Release */,
			);
			defaultConfigurationIsVisible = 0;
			defaultConfigurationName = Release;
		};
		2E70378D2C37328000FC8DA6 /* Build configuration list for PBXNativeTarget "MovieKit" */ = {
			isa = XCConfigurationList;
			buildConfigurations = (
				2E70378E2C37328000FC8DA6 /* Debug */,
				2E70378F2C37328000FC8DA6 /* Release */,
			);
			defaultConfigurationIsVisible = 0;
			defaultConfigurationName = Release;
		};
/* End XCConfigurationList section */
	};
	rootObject = 2E70377D2C37328000FC8DA6 /* Project object */;
}
