// !$*UTF8*$!
{
	archiveVersion = 1;
	classes = {
	};
	objectVersion = 60;
	objects = {

/* Begin PBXBuildFile section */
		2E3EFF0C2C38535100CE8976 /* moviesresponse.json in Resources */ = {isa = PBXBuildFile; fileRef = 2E3EFF0B2C38534900CE8976 /* moviesresponse.json */; };
		2E3EFF0E2C38535C00CE8976 /* tvshowresponse.json in Resources */ = {isa = PBXBuildFile; fileRef = 2E3EFF0D2C38535500CE8976 /* tvshowresponse.json */; };
		2E3EFF1B2C385AA600CE8976 /* MoviesPage.swift in Sources */ = {isa = PBXBuildFile; fileRef = 2E3EFF1A2C385AA600CE8976 /* MoviesPage.swift */; };
		2E3EFF1E2C385AD200CE8976 /* WatchableCardStack.swift in Sources */ = {isa = PBXBuildFile; fileRef = 2E3EFF1D2C385AD200CE8976 /* WatchableCardStack.swift */; };
		2E3EFF202C38782700CE8976 /* MoviesPageViewModel.swift in Sources */ = {isa = PBXBuildFile; fileRef = 2E3EFF1F2C38782700CE8976 /* MoviesPageViewModel.swift */; };
		2E3EFF242C387AC600CE8976 /* TVShowPage.swift in Sources */ = {isa = PBXBuildFile; fileRef = 2E3EFF232C387AC600CE8976 /* TVShowPage.swift */; };
		2E3EFF262C387B0400CE8976 /* TVShowPageViewModel.swift in Sources */ = {isa = PBXBuildFile; fileRef = 2E3EFF252C387B0400CE8976 /* TVShowPageViewModel.swift */; };
		2E7037622C372F3E00FC8DA6 /* MovieMatchApp.swift in Sources */ = {isa = PBXBuildFile; fileRef = 2E7037612C372F3E00FC8DA6 /* MovieMatchApp.swift */; };
		2E7037662C372F3F00FC8DA6 /* Assets.xcassets in Resources */ = {isa = PBXBuildFile; fileRef = 2E7037652C372F3F00FC8DA6 /* Assets.xcassets */; };
		2E7037692C372F3F00FC8DA6 /* Preview Assets.xcassets in Resources */ = {isa = PBXBuildFile; fileRef = 2E7037682C372F3F00FC8DA6 /* Preview Assets.xcassets */; };
		2E7037762C37313300FC8DA6 /* MovieKit.framework in Frameworks */ = {isa = PBXBuildFile; fileRef = 2E7037702C372F7F00FC8DA6 /* MovieKit.framework */; };
		2E7037772C37313300FC8DA6 /* MovieKit.framework in Embed Frameworks */ = {isa = PBXBuildFile; fileRef = 2E7037702C372F7F00FC8DA6 /* MovieKit.framework */; settings = {ATTRIBUTES = (CodeSignOnCopy, RemoveHeadersOnCopy, ); }; };
		2E7037A52C379E8D00FC8DA6 /* HomePage.swift in Sources */ = {isa = PBXBuildFile; fileRef = 2E7037A42C379E8D00FC8DA6 /* HomePage.swift */; };
		2E7037A72C379EB700FC8DA6 /* WatchableCardView.swift in Sources */ = {isa = PBXBuildFile; fileRef = 2E7037A62C379EB700FC8DA6 /* WatchableCardView.swift */; };
		2E7037AA2C37A0AE00FC8DA6 /* theoffice.json in Resources */ = {isa = PBXBuildFile; fileRef = 2E7037A92C37A0A800FC8DA6 /* theoffice.json */; };
		2E7037AC2C37A0D800FC8DA6 /* thedarkknight.json in Resources */ = {isa = PBXBuildFile; fileRef = 2E7037AB2C37A0D100FC8DA6 /* thedarkknight.json */; };
		2E969EE62C37A2D700B8A31F /* SlashKit in Frameworks */ = {isa = PBXBuildFile; productRef = 2E969EE52C37A2D700B8A31F /* SlashKit */; };
/* End PBXBuildFile section */

/* Begin PBXCopyFilesBuildPhase section */
		2E7037782C37313400FC8DA6 /* Embed Frameworks */ = {
			isa = PBXCopyFilesBuildPhase;
			buildActionMask = 2147483647;
			dstPath = "";
			dstSubfolderSpec = 10;
			files = (
				2E7037772C37313300FC8DA6 /* MovieKit.framework in Embed Frameworks */,
			);
			name = "Embed Frameworks";
			runOnlyForDeploymentPostprocessing = 0;
		};
/* End PBXCopyFilesBuildPhase section */

/* Begin PBXFileReference section */
		2E3EFF0B2C38534900CE8976 /* moviesresponse.json */ = {isa = PBXFileReference; lastKnownFileType = text.json; path = moviesresponse.json; sourceTree = "<group>"; };
		2E3EFF0D2C38535500CE8976 /* tvshowresponse.json */ = {isa = PBXFileReference; lastKnownFileType = text.json; path = tvshowresponse.json; sourceTree = "<group>"; };
		2E3EFF1A2C385AA600CE8976 /* MoviesPage.swift */ = {isa = PBXFileReference; lastKnownFileType = sourcecode.swift; path = MoviesPage.swift; sourceTree = "<group>"; };
		2E3EFF1D2C385AD200CE8976 /* WatchableCardStack.swift */ = {isa = PBXFileReference; lastKnownFileType = sourcecode.swift; path = WatchableCardStack.swift; sourceTree = "<group>"; };
		2E3EFF1F2C38782700CE8976 /* MoviesPageViewModel.swift */ = {isa = PBXFileReference; lastKnownFileType = sourcecode.swift; path = MoviesPageViewModel.swift; sourceTree = "<group>"; };
		2E3EFF232C387AC600CE8976 /* TVShowPage.swift */ = {isa = PBXFileReference; lastKnownFileType = sourcecode.swift; path = TVShowPage.swift; sourceTree = "<group>"; };
		2E3EFF252C387B0400CE8976 /* TVShowPageViewModel.swift */ = {isa = PBXFileReference; lastKnownFileType = sourcecode.swift; path = TVShowPageViewModel.swift; sourceTree = "<group>"; };
		2E70375E2C372F3E00FC8DA6 /* MovieMatch.app */ = {isa = PBXFileReference; explicitFileType = wrapper.application; includeInIndex = 0; path = MovieMatch.app; sourceTree = BUILT_PRODUCTS_DIR; };
		2E7037612C372F3E00FC8DA6 /* MovieMatchApp.swift */ = {isa = PBXFileReference; lastKnownFileType = sourcecode.swift; path = MovieMatchApp.swift; sourceTree = "<group>"; };
		2E7037652C372F3F00FC8DA6 /* Assets.xcassets */ = {isa = PBXFileReference; lastKnownFileType = folder.assetcatalog; path = Assets.xcassets; sourceTree = "<group>"; };
		2E7037682C372F3F00FC8DA6 /* Preview Assets.xcassets */ = {isa = PBXFileReference; lastKnownFileType = folder.assetcatalog; path = "Preview Assets.xcassets"; sourceTree = "<group>"; };
		2E7037702C372F7F00FC8DA6 /* MovieKit.framework */ = {isa = PBXFileReference; explicitFileType = wrapper.framework; path = MovieKit.framework; sourceTree = BUILT_PRODUCTS_DIR; };
		2E7037A42C379E8D00FC8DA6 /* HomePage.swift */ = {isa = PBXFileReference; lastKnownFileType = sourcecode.swift; path = HomePage.swift; sourceTree = "<group>"; };
		2E7037A62C379EB700FC8DA6 /* WatchableCardView.swift */ = {isa = PBXFileReference; lastKnownFileType = sourcecode.swift; path = WatchableCardView.swift; sourceTree = "<group>"; };
		2E7037A92C37A0A800FC8DA6 /* theoffice.json */ = {isa = PBXFileReference; lastKnownFileType = text.json; path = theoffice.json; sourceTree = "<group>"; };
		2E7037AB2C37A0D100FC8DA6 /* thedarkknight.json */ = {isa = PBXFileReference; lastKnownFileType = text.json; path = thedarkknight.json; sourceTree = "<group>"; };
/* End PBXFileReference section */

/* Begin PBXFrameworksBuildPhase section */
		2E70375B2C372F3E00FC8DA6 /* Frameworks */ = {
			isa = PBXFrameworksBuildPhase;
			buildActionMask = 2147483647;
			files = (
				2E7037762C37313300FC8DA6 /* MovieKit.framework in Frameworks */,
				2E969EE62C37A2D700B8A31F /* SlashKit in Frameworks */,
			);
			runOnlyForDeploymentPostprocessing = 0;
		};
/* End PBXFrameworksBuildPhase section */

/* Begin PBXGroup section */
		2E3EFF182C385A6C00CE8976 /* TV */ = {
			isa = PBXGroup;
			children = (
			);
			path = TV;
			sourceTree = "<group>";
		};
		2E3EFF192C385A7000CE8976 /* Movies */ = {
			isa = PBXGroup;
			children = (
			);
			path = Movies;
			sourceTree = "<group>";
		};
		2E3EFF1C2C385ABD00CE8976 /* Common */ = {
			isa = PBXGroup;
			children = (
				2E7037A62C379EB700FC8DA6 /* WatchableCardView.swift */,
				2E3EFF1D2C385AD200CE8976 /* WatchableCardStack.swift */,
			);
			path = Common;
			sourceTree = "<group>";
		};
		2E7037552C372F3E00FC8DA6 = {
			isa = PBXGroup;
			children = (
				2E7037602C372F3E00FC8DA6 /* MovieMatch */,
				2E70375F2C372F3E00FC8DA6 /* Products */,
				2E70376F2C372F7F00FC8DA6 /* Frameworks */,
			);
			sourceTree = "<group>";
		};
		2E70375F2C372F3E00FC8DA6 /* Products */ = {
			isa = PBXGroup;
			children = (
				2E70375E2C372F3E00FC8DA6 /* MovieMatch.app */,
			);
			name = Products;
			sourceTree = "<group>";
		};
		2E7037602C372F3E00FC8DA6 /* MovieMatch */ = {
			isa = PBXGroup;
			children = (
				2E7037612C372F3E00FC8DA6 /* MovieMatchApp.swift */,
				2E7037A12C379E5D00FC8DA6 /* Pages */,
				2E7037A22C379E6400FC8DA6 /* Views */,
				2E7037A32C379E6700FC8DA6 /* ViewModels */,
				2E7037652C372F3F00FC8DA6 /* Assets.xcassets */,
				2E7037672C372F3F00FC8DA6 /* Preview Content */,
			);
			path = MovieMatch;
			sourceTree = "<group>";
		};
		2E7037672C372F3F00FC8DA6 /* Preview Content */ = {
			isa = PBXGroup;
			children = (
				2E7037A82C37A09E00FC8DA6 /* SampleResponses */,
				2E7037682C372F3F00FC8DA6 /* Preview Assets.xcassets */,
			);
			path = "Preview Content";
			sourceTree = "<group>";
		};
		2E70376F2C372F7F00FC8DA6 /* Frameworks */ = {
			isa = PBXGroup;
			children = (
				2E7037702C372F7F00FC8DA6 /* MovieKit.framework */,
			);
			name = Frameworks;
			sourceTree = "<group>";
		};
		2E7037A12C379E5D00FC8DA6 /* Pages */ = {
			isa = PBXGroup;
			children = (
				2E7037A42C379E8D00FC8DA6 /* HomePage.swift */,
				2E3EFF1A2C385AA600CE8976 /* MoviesPage.swift */,
				2E3EFF232C387AC600CE8976 /* TVShowPage.swift */,
			);
			path = Pages;
			sourceTree = "<group>";
		};
		2E7037A22C379E6400FC8DA6 /* Views */ = {
			isa = PBXGroup;
			children = (
				2E3EFF1C2C385ABD00CE8976 /* Common */,
				2E3EFF192C385A7000CE8976 /* Movies */,
				2E3EFF182C385A6C00CE8976 /* TV */,
			);
			path = Views;
			sourceTree = "<group>";
		};
		2E7037A32C379E6700FC8DA6 /* ViewModels */ = {
			isa = PBXGroup;
			children = (
				2E3EFF1F2C38782700CE8976 /* MoviesPageViewModel.swift */,
				2E3EFF252C387B0400CE8976 /* TVShowPageViewModel.swift */,
			);
			path = ViewModels;
			sourceTree = "<group>";
		};
		2E7037A82C37A09E00FC8DA6 /* SampleResponses */ = {
			isa = PBXGroup;
			children = (
				2E3EFF0D2C38535500CE8976 /* tvshowresponse.json */,
				2E3EFF0B2C38534900CE8976 /* moviesresponse.json */,
				2E7037AB2C37A0D100FC8DA6 /* thedarkknight.json */,
				2E7037A92C37A0A800FC8DA6 /* theoffice.json */,
			);
			path = SampleResponses;
			sourceTree = "<group>";
		};
/* End PBXGroup section */

/* Begin PBXNativeTarget section */
		2E70375D2C372F3E00FC8DA6 /* MovieMatch */ = {
			isa = PBXNativeTarget;
			buildConfigurationList = 2E70376C2C372F3F00FC8DA6 /* Build configuration list for PBXNativeTarget "MovieMatch" */;
			buildPhases = (
				2E70375A2C372F3E00FC8DA6 /* Sources */,
				2E70375B2C372F3E00FC8DA6 /* Frameworks */,
				2E70375C2C372F3E00FC8DA6 /* Resources */,
				2E7037782C37313400FC8DA6 /* Embed Frameworks */,
			);
			buildRules = (
			);
			dependencies = (
			);
			name = MovieMatch;
			packageProductDependencies = (
				2E969EE52C37A2D700B8A31F /* SlashKit */,
			);
			productName = MovieMatch;
			productReference = 2E70375E2C372F3E00FC8DA6 /* MovieMatch.app */;
			productType = "com.apple.product-type.application";
		};
/* End PBXNativeTarget section */

/* Begin PBXProject section */
		2E7037562C372F3E00FC8DA6 /* Project object */ = {
			isa = PBXProject;
			attributes = {
				BuildIndependentTargetsInParallel = 1;
				LastSwiftUpdateCheck = 1600;
				LastUpgradeCheck = 1600;
				TargetAttributes = {
					2E70375D2C372F3E00FC8DA6 = {
						CreatedOnToolsVersion = 16.0;
					};
				};
			};
			buildConfigurationList = 2E7037592C372F3E00FC8DA6 /* Build configuration list for PBXProject "MovieMatch" */;
			compatibilityVersion = "Xcode 15.0";
			developmentRegion = en;
			hasScannedForEncodings = 0;
			knownRegions = (
				en,
				Base,
			);
			mainGroup = 2E7037552C372F3E00FC8DA6;
			packageReferences = (
				2E969EE42C37A2D700B8A31F /* XCRemoteSwiftPackageReference "SlashKit" */,
			);
			productRefGroup = 2E70375F2C372F3E00FC8DA6 /* Products */;
			projectDirPath = "";
			projectRoot = "";
			targets = (
				2E70375D2C372F3E00FC8DA6 /* MovieMatch */,
			);
		};
/* End PBXProject section */

/* Begin PBXResourcesBuildPhase section */
		2E70375C2C372F3E00FC8DA6 /* Resources */ = {
			isa = PBXResourcesBuildPhase;
			buildActionMask = 2147483647;
			files = (
				2E7037AA2C37A0AE00FC8DA6 /* theoffice.json in Resources */,
				2E7037692C372F3F00FC8DA6 /* Preview Assets.xcassets in Resources */,
				2E7037AC2C37A0D800FC8DA6 /* thedarkknight.json in Resources */,
				2E3EFF0C2C38535100CE8976 /* moviesresponse.json in Resources */,
				2E7037662C372F3F00FC8DA6 /* Assets.xcassets in Resources */,
				2E3EFF0E2C38535C00CE8976 /* tvshowresponse.json in Resources */,
			);
			runOnlyForDeploymentPostprocessing = 0;
		};
/* End PBXResourcesBuildPhase section */

/* Begin PBXSourcesBuildPhase section */
		2E70375A2C372F3E00FC8DA6 /* Sources */ = {
			isa = PBXSourcesBuildPhase;
			buildActionMask = 2147483647;
			files = (
				2E3EFF262C387B0400CE8976 /* TVShowPageViewModel.swift in Sources */,
				2E3EFF1E2C385AD200CE8976 /* WatchableCardStack.swift in Sources */,
				2E7037A52C379E8D00FC8DA6 /* HomePage.swift in Sources */,
				2E7037622C372F3E00FC8DA6 /* MovieMatchApp.swift in Sources */,
				2E3EFF242C387AC600CE8976 /* TVShowPage.swift in Sources */,
				2E7037A72C379EB700FC8DA6 /* WatchableCardView.swift in Sources */,
				2E3EFF202C38782700CE8976 /* MoviesPageViewModel.swift in Sources */,
				2E3EFF1B2C385AA600CE8976 /* MoviesPage.swift in Sources */,
			);
			runOnlyForDeploymentPostprocessing = 0;
		};
/* End PBXSourcesBuildPhase section */

/* Begin XCBuildConfiguration section */
		2E70376A2C372F3F00FC8DA6 /* Debug */ = {
			isa = XCBuildConfiguration;
			buildSettings = {
				ALWAYS_SEARCH_USER_PATHS = NO;
				ASSETCATALOG_COMPILER_GENERATE_SWIFT_ASSET_SYMBOL_EXTENSIONS = YES;
				CLANG_ANALYZER_NONNULL = YES;
				CLANG_ANALYZER_NUMBER_OBJECT_CONVERSION = YES_AGGRESSIVE;
				CLANG_CXX_LANGUAGE_STANDARD = "gnu++20";
				CLANG_ENABLE_MODULES = YES;
				CLANG_ENABLE_OBJC_ARC = YES;
				CLANG_ENABLE_OBJC_WEAK = YES;
				CLANG_WARN_BLOCK_CAPTURE_AUTORELEASING = YES;
				CLANG_WARN_BOOL_CONVERSION = YES;
				CLANG_WARN_COMMA = YES;
				CLANG_WARN_CONSTANT_CONVERSION = YES;
				CLANG_WARN_DEPRECATED_OBJC_IMPLEMENTATIONS = YES;
				CLANG_WARN_DIRECT_OBJC_ISA_USAGE = YES_ERROR;
				CLANG_WARN_DOCUMENTATION_COMMENTS = YES;
				CLANG_WARN_EMPTY_BODY = YES;
				CLANG_WARN_ENUM_CONVERSION = YES;
				CLANG_WARN_INFINITE_RECURSION = YES;
				CLANG_WARN_INT_CONVERSION = YES;
				CLANG_WARN_NON_LITERAL_NULL_CONVERSION = YES;
				CLANG_WARN_OBJC_IMPLICIT_RETAIN_SELF = YES;
				CLANG_WARN_OBJC_LITERAL_CONVERSION = YES;
				CLANG_WARN_OBJC_ROOT_CLASS = YES_ERROR;
				CLANG_WARN_QUOTED_INCLUDE_IN_FRAMEWORK_HEADER = YES;
				CLANG_WARN_RANGE_LOOP_ANALYSIS = YES;
				CLANG_WARN_STRICT_PROTOTYPES = YES;
				CLANG_WARN_SUSPICIOUS_MOVE = YES;
				CLANG_WARN_UNGUARDED_AVAILABILITY = YES_AGGRESSIVE;
				CLANG_WARN_UNREACHABLE_CODE = YES;
				CLANG_WARN__DUPLICATE_METHOD_MATCH = YES;
				COPY_PHASE_STRIP = NO;
				DEBUG_INFORMATION_FORMAT = dwarf;
				ENABLE_STRICT_OBJC_MSGSEND = YES;
				ENABLE_TESTABILITY = YES;
				ENABLE_USER_SCRIPT_SANDBOXING = YES;
				GCC_C_LANGUAGE_STANDARD = gnu17;
				GCC_DYNAMIC_NO_PIC = NO;
				GCC_NO_COMMON_BLOCKS = YES;
				GCC_OPTIMIZATION_LEVEL = 0;
				GCC_PREPROCESSOR_DEFINITIONS = (
					"DEBUG=1",
					"$(inherited)",
				);
				GCC_WARN_64_TO_32_BIT_CONVERSION = YES;
				GCC_WARN_ABOUT_RETURN_TYPE = YES_ERROR;
				GCC_WARN_UNDECLARED_SELECTOR = YES;
				GCC_WARN_UNINITIALIZED_AUTOS = YES_AGGRESSIVE;
				GCC_WARN_UNUSED_FUNCTION = YES;
				GCC_WARN_UNUSED_VARIABLE = YES;
				IPHONEOS_DEPLOYMENT_TARGET = 18.0;
				LOCALIZATION_PREFERS_STRING_CATALOGS = YES;
				MTL_ENABLE_DEBUG_INFO = INCLUDE_SOURCE;
				MTL_FAST_MATH = YES;
				ONLY_ACTIVE_ARCH = YES;
				SDKROOT = iphoneos;
				SWIFT_ACTIVE_COMPILATION_CONDITIONS = "DEBUG $(inherited)";
				SWIFT_OPTIMIZATION_LEVEL = "-Onone";
			};
			name = Debug;
		};
		2E70376B2C372F3F00FC8DA6 /* Release */ = {
			isa = XCBuildConfiguration;
			buildSettings = {
				ALWAYS_SEARCH_USER_PATHS = NO;
				ASSETCATALOG_COMPILER_GENERATE_SWIFT_ASSET_SYMBOL_EXTENSIONS = YES;
				CLANG_ANALYZER_NONNULL = YES;
				CLANG_ANALYZER_NUMBER_OBJECT_CONVERSION = YES_AGGRESSIVE;
				CLANG_CXX_LANGUAGE_STANDARD = "gnu++20";
				CLANG_ENABLE_MODULES = YES;
				CLANG_ENABLE_OBJC_ARC = YES;
				CLANG_ENABLE_OBJC_WEAK = YES;
				CLANG_WARN_BLOCK_CAPTURE_AUTORELEASING = YES;
				CLANG_WARN_BOOL_CONVERSION = YES;
				CLANG_WARN_COMMA = YES;
				CLANG_WARN_CONSTANT_CONVERSION = YES;
				CLANG_WARN_DEPRECATED_OBJC_IMPLEMENTATIONS = YES;
				CLANG_WARN_DIRECT_OBJC_ISA_USAGE = YES_ERROR;
				CLANG_WARN_DOCUMENTATION_COMMENTS = YES;
				CLANG_WARN_EMPTY_BODY = YES;
				CLANG_WARN_ENUM_CONVERSION = YES;
				CLANG_WARN_INFINITE_RECURSION = YES;
				CLANG_WARN_INT_CONVERSION = YES;
				CLANG_WARN_NON_LITERAL_NULL_CONVERSION = YES;
				CLANG_WARN_OBJC_IMPLICIT_RETAIN_SELF = YES;
				CLANG_WARN_OBJC_LITERAL_CONVERSION = YES;
				CLANG_WARN_OBJC_ROOT_CLASS = YES_ERROR;
				CLANG_WARN_QUOTED_INCLUDE_IN_FRAMEWORK_HEADER = YES;
				CLANG_WARN_RANGE_LOOP_ANALYSIS = YES;
				CLANG_WARN_STRICT_PROTOTYPES = YES;
				CLANG_WARN_SUSPICIOUS_MOVE = YES;
				CLANG_WARN_UNGUARDED_AVAILABILITY = YES_AGGRESSIVE;
				CLANG_WARN_UNREACHABLE_CODE = YES;
				CLANG_WARN__DUPLICATE_METHOD_MATCH = YES;
				COPY_PHASE_STRIP = NO;
				DEBUG_INFORMATION_FORMAT = "dwarf-with-dsym";
				ENABLE_NS_ASSERTIONS = NO;
				ENABLE_STRICT_OBJC_MSGSEND = YES;
				ENABLE_USER_SCRIPT_SANDBOXING = YES;
				GCC_C_LANGUAGE_STANDARD = gnu17;
				GCC_NO_COMMON_BLOCKS = YES;
				GCC_WARN_64_TO_32_BIT_CONVERSION = YES;
				GCC_WARN_ABOUT_RETURN_TYPE = YES_ERROR;
				GCC_WARN_UNDECLARED_SELECTOR = YES;
				GCC_WARN_UNINITIALIZED_AUTOS = YES_AGGRESSIVE;
				GCC_WARN_UNUSED_FUNCTION = YES;
				GCC_WARN_UNUSED_VARIABLE = YES;
				IPHONEOS_DEPLOYMENT_TARGET = 18.0;
				LOCALIZATION_PREFERS_STRING_CATALOGS = YES;
				MTL_ENABLE_DEBUG_INFO = NO;
				MTL_FAST_MATH = YES;
				SDKROOT = iphoneos;
				SWIFT_COMPILATION_MODE = wholemodule;
				VALIDATE_PRODUCT = YES;
			};
			name = Release;
		};
		2E70376D2C372F3F00FC8DA6 /* Debug */ = {
			isa = XCBuildConfiguration;
			buildSettings = {
				ASSETCATALOG_COMPILER_APPICON_NAME = AppIcon;
				ASSETCATALOG_COMPILER_GLOBAL_ACCENT_COLOR_NAME = AccentColor;
				CODE_SIGN_STYLE = Automatic;
				CURRENT_PROJECT_VERSION = 1;
				DEVELOPMENT_ASSET_PATHS = "\"MovieMatch/Preview Content\"";
				DEVELOPMENT_TEAM = 3S8XC6A264;
				ENABLE_PREVIEWS = YES;
				GENERATE_INFOPLIST_FILE = YES;
				INFOPLIST_KEY_CFBundleDisplayName = MovieMatch;
				INFOPLIST_KEY_LSApplicationCategoryType = "public.app-category.entertainment";
				INFOPLIST_KEY_UIApplicationSceneManifest_Generation = YES;
				INFOPLIST_KEY_UIApplicationSupportsIndirectInputEvents = YES;
				INFOPLIST_KEY_UILaunchScreen_Generation = YES;
				INFOPLIST_KEY_UISupportedInterfaceOrientations = UIInterfaceOrientationPortrait;
				INFOPLIST_KEY_UISupportedInterfaceOrientations_iPad = "UIInterfaceOrientationLandscapeLeft UIInterfaceOrientationLandscapeRight UIInterfaceOrientationPortrait UIInterfaceOrientationPortraitUpsideDown";
				IPHONEOS_DEPLOYMENT_TARGET = 18.0;
				LD_RUNPATH_SEARCH_PATHS = (
					"$(inherited)",
					"@executable_path/Frameworks",
				);
				MARKETING_VERSION = 1.0;
				PRODUCT_BUNDLE_IDENTIFIER = com.Cameron.Slash.MovieMatch;
				PRODUCT_NAME = "$(TARGET_NAME)";
				SUPPORTED_PLATFORMS = "iphoneos iphonesimulator";
				SUPPORTS_MACCATALYST = NO;
				SUPPORTS_MAC_DESIGNED_FOR_IPHONE_IPAD = NO;
				SUPPORTS_XR_DESIGNED_FOR_IPHONE_IPAD = NO;
				SWIFT_EMIT_LOC_STRINGS = YES;
				SWIFT_VERSION = 5.0;
				TARGETED_DEVICE_FAMILY = 1;
			};
			name = Debug;
		};
		2E70376E2C372F3F00FC8DA6 /* Release */ = {
			isa = XCBuildConfiguration;
			buildSettings = {
				ASSETCATALOG_COMPILER_APPICON_NAME = AppIcon;
				ASSETCATALOG_COMPILER_GLOBAL_ACCENT_COLOR_NAME = AccentColor;
				CODE_SIGN_STYLE = Automatic;
				CURRENT_PROJECT_VERSION = 1;
				DEVELOPMENT_ASSET_PATHS = "\"MovieMatch/Preview Content\"";
				DEVELOPMENT_TEAM = 3S8XC6A264;
				ENABLE_PREVIEWS = YES;
				GENERATE_INFOPLIST_FILE = YES;
				INFOPLIST_KEY_CFBundleDisplayName = MovieMatch;
				INFOPLIST_KEY_LSApplicationCategoryType = "public.app-category.entertainment";
				INFOPLIST_KEY_UIApplicationSceneManifest_Generation = YES;
				INFOPLIST_KEY_UIApplicationSupportsIndirectInputEvents = YES;
				INFOPLIST_KEY_UILaunchScreen_Generation = YES;
				INFOPLIST_KEY_UISupportedInterfaceOrientations = UIInterfaceOrientationPortrait;
				INFOPLIST_KEY_UISupportedInterfaceOrientations_iPad = "UIInterfaceOrientationLandscapeLeft UIInterfaceOrientationLandscapeRight UIInterfaceOrientationPortrait UIInterfaceOrientationPortraitUpsideDown";
				IPHONEOS_DEPLOYMENT_TARGET = 18.0;
				LD_RUNPATH_SEARCH_PATHS = (
					"$(inherited)",
					"@executable_path/Frameworks",
				);
				MARKETING_VERSION = 1.0;
				PRODUCT_BUNDLE_IDENTIFIER = com.Cameron.Slash.MovieMatch;
				PRODUCT_NAME = "$(TARGET_NAME)";
				SUPPORTED_PLATFORMS = "iphoneos iphonesimulator";
				SUPPORTS_MACCATALYST = NO;
				SUPPORTS_MAC_DESIGNED_FOR_IPHONE_IPAD = NO;
				SUPPORTS_XR_DESIGNED_FOR_IPHONE_IPAD = NO;
				SWIFT_EMIT_LOC_STRINGS = YES;
				SWIFT_VERSION = 5.0;
				TARGETED_DEVICE_FAMILY = 1;
			};
			name = Release;
		};
/* End XCBuildConfiguration section */

/* Begin XCConfigurationList section */
		2E7037592C372F3E00FC8DA6 /* Build configuration list for PBXProject "MovieMatch" */ = {
			isa = XCConfigurationList;
			buildConfigurations = (
				2E70376A2C372F3F00FC8DA6 /* Debug */,
				2E70376B2C372F3F00FC8DA6 /* Release */,
			);
			defaultConfigurationIsVisible = 0;
			defaultConfigurationName = Release;
		};
		2E70376C2C372F3F00FC8DA6 /* Build configuration list for PBXNativeTarget "MovieMatch" */ = {
			isa = XCConfigurationList;
			buildConfigurations = (
				2E70376D2C372F3F00FC8DA6 /* Debug */,
				2E70376E2C372F3F00FC8DA6 /* Release */,
			);
			defaultConfigurationIsVisible = 0;
			defaultConfigurationName = Release;
		};
/* End XCConfigurationList section */

/* Begin XCRemoteSwiftPackageReference section */
		2E969EE42C37A2D700B8A31F /* XCRemoteSwiftPackageReference "SlashKit" */ = {
			isa = XCRemoteSwiftPackageReference;
			repositoryURL = "https://github.com/caslash/SlashKit.git";
			requirement = {
				branch = main;
				kind = branch;
			};
		};
/* End XCRemoteSwiftPackageReference section */

/* Begin XCSwiftPackageProductDependency section */
		2E969EE52C37A2D700B8A31F /* SlashKit */ = {
			isa = XCSwiftPackageProductDependency;
			package = 2E969EE42C37A2D700B8A31F /* XCRemoteSwiftPackageReference "SlashKit" */;
			productName = SlashKit;
		};
/* End XCSwiftPackageProductDependency section */
	};
	rootObject = 2E7037562C372F3E00FC8DA6 /* Project object */;
}
